
Microsoft Visual Studio Solution File, Format Version 12.00
# Visual Studio Version 17
VisualStudioVersion = 17.0.32112.339
MinimumVisualStudioVersion = 10.0.40219.1
Project("{FAE04EC0-301F-11D3-BF4B-00C04F79EFBC}") = "Lesson25.SQLDML", "Lesson25.SQLDML\Lesson25.SQLDML.csproj", "{B07DC482-345E-411E-8FC5-00CC68363394}"
EndProject
Global
	GlobalSection(SolutionConfigurationPlatforms) = preSolution
		Debug|Any CPU = Debug|Any CPU
		Release|Any CPU = Release|Any CPU
	EndGlobalSection
	GlobalSection(ProjectConfigurationPlatforms) = postSolution
		{B07DC482-345E-411E-8FC5-00CC68363394}.Debug|Any CPU.ActiveCfg = Debug|Any CPU
		{B07DC482-345E-411E-8FC5-00CC68363394}.Debug|Any CPU.Build.0 = Debug|Any CPU
		{B07DC482-345E-411E-8FC5-00CC68363394}.Release|Any CPU.ActiveCfg = Release|Any CPU
		{B07DC482-345E-411E-8FC5-00CC68363394}.Release|Any CPU.Build.0 = Release|Any CPU
	EndGlobalSection
	GlobalSection(SolutionProperties) = preSolution
		HideSolutionNode = FALSE
	EndGlobalSection
	GlobalSection(ExtensibilityGlobals) = postSolution
		SolutionGuid = {6BF6BB52-090D-4A8C-AB90-4F0E268A8D75}
	EndGlobalSection
EndGlobal
