
Microsoft Visual Studio Solution File, Format Version 12.00
# Visual Studio Version 17
VisualStudioVersion = 17.0.32112.339
MinimumVisualStudioVersion = 10.0.40219.1
Project("{FAE04EC0-301F-11D3-BF4B-00C04F79EFBC}") = "lesson02.Homework.DataTypes", "lesson02.Homework.DataTypes\lesson02.Homework.DataTypes.csproj", "{184FD4E0-8EA8-4353-8CC4-7518993B06B5}"
EndProject
Global
	GlobalSection(SolutionConfigurationPlatforms) = preSolution
		Debug|Any CPU = Debug|Any CPU
		Release|Any CPU = Release|Any CPU
	EndGlobalSection
	GlobalSection(ProjectConfigurationPlatforms) = postSolution
		{184FD4E0-8EA8-4353-8CC4-7518993B06B5}.Debug|Any CPU.ActiveCfg = Debug|Any CPU
		{184FD4E0-8EA8-4353-8CC4-7518993B06B5}.Debug|Any CPU.Build.0 = Debug|Any CPU
		{184FD4E0-8EA8-4353-8CC4-7518993B06B5}.Release|Any CPU.ActiveCfg = Release|Any CPU
		{184FD4E0-8EA8-4353-8CC4-7518993B06B5}.Release|Any CPU.Build.0 = Release|Any CPU
	EndGlobalSection
	GlobalSection(SolutionProperties) = preSolution
		HideSolutionNode = FALSE
	EndGlobalSection
	GlobalSection(ExtensibilityGlobals) = postSolution
		SolutionGuid = {0B9FABDD-8774-42E7-B1E0-352163827CEF}
	EndGlobalSection
EndGlobal
