
Microsoft Visual Studio Solution File, Format Version 12.00
# Visual Studio Version 17
VisualStudioVersion = 17.0.32112.339
MinimumVisualStudioVersion = 10.0.40219.1
Project("{FAE04EC0-301F-11D3-BF4B-00C04F79EFBC}") = "Lesson13.Inheritance", "Lesson13.Inheritance\Lesson13.Inheritance.csproj", "{F822E2C7-9AE3-4940-9AD1-70A1B4005A95}"
EndProject
Global
	GlobalSection(SolutionConfigurationPlatforms) = preSolution
		Debug|Any CPU = Debug|Any CPU
		Release|Any CPU = Release|Any CPU
	EndGlobalSection
	GlobalSection(ProjectConfigurationPlatforms) = postSolution
		{F822E2C7-9AE3-4940-9AD1-70A1B4005A95}.Debug|Any CPU.ActiveCfg = Debug|Any CPU
		{F822E2C7-9AE3-4940-9AD1-70A1B4005A95}.Debug|Any CPU.Build.0 = Debug|Any CPU
		{F822E2C7-9AE3-4940-9AD1-70A1B4005A95}.Release|Any CPU.ActiveCfg = Release|Any CPU
		{F822E2C7-9AE3-4940-9AD1-70A1B4005A95}.Release|Any CPU.Build.0 = Release|Any CPU
	EndGlobalSection
	GlobalSection(SolutionProperties) = preSolution
		HideSolutionNode = FALSE
	EndGlobalSection
	GlobalSection(ExtensibilityGlobals) = postSolution
		SolutionGuid = {B43CBEA4-E679-4696-AF6B-E5E7366A354D}
	EndGlobalSection
EndGlobal
