
Microsoft Visual Studio Solution File, Format Version 12.00
# Visual Studio Version 17
VisualStudioVersion = 17.0.32112.339
MinimumVisualStudioVersion = 10.0.40219.1
Project("{FAE04EC0-301F-11D3-BF4B-00C04F79EFBC}") = "lesson02.DataTypes", "lesson02.DataTypes\lesson02.DataTypes.csproj", "{F7108D99-FB1E-43AF-B493-8FECB9D08416}"
EndProject
Global
	GlobalSection(SolutionConfigurationPlatforms) = preSolution
		Debug|Any CPU = Debug|Any CPU
		Release|Any CPU = Release|Any CPU
	EndGlobalSection
	GlobalSection(ProjectConfigurationPlatforms) = postSolution
		{F7108D99-FB1E-43AF-B493-8FECB9D08416}.Debug|Any CPU.ActiveCfg = Debug|Any CPU
		{F7108D99-FB1E-43AF-B493-8FECB9D08416}.Debug|Any CPU.Build.0 = Debug|Any CPU
		{F7108D99-FB1E-43AF-B493-8FECB9D08416}.Release|Any CPU.ActiveCfg = Release|Any CPU
		{F7108D99-FB1E-43AF-B493-8FECB9D08416}.Release|Any CPU.Build.0 = Release|Any CPU
	EndGlobalSection
	GlobalSection(SolutionProperties) = preSolution
		HideSolutionNode = FALSE
	EndGlobalSection
	GlobalSection(ExtensibilityGlobals) = postSolution
		SolutionGuid = {C1504FD9-D571-494A-905E-5D18F0015D5A}
	EndGlobalSection
EndGlobal
